
Microsoft Visual Studio Solution File, Format Version 12.00
# Visual Studio Version 17
VisualStudioVersion = 17.4.33205.214
MinimumVisualStudioVersion = 10.0.40219.1
Project("{9A19103F-16F7-4668-BE54-9A1E7A4F7556}") = "invoice-xlsm-exporter-v3.Domain", "invoice-xlsm-exporter-v3.Domain\invoice-xlsm-exporter-v3.Domain.csproj", "{F3D87AB6-37ED-4374-815B-378831B70F7F}"
EndProject
Project("{9A19103F-16F7-4668-BE54-9A1E7A4F7556}") = "invoice-xlsm-exporter-v3.Service", "invoice-xlsm-exporter-v3.Service\invoice-xlsm-exporter-v3.Service.csproj", "{2D175F0C-EED0-4B03-B395-B6C9C36AA430}"
EndProject
Project("{9A19103F-16F7-4668-BE54-9A1E7A4F7556}") = "invoice-xlsm-exporter-v3.Data", "invoice-xlsm-exporter-v3.Data\invoice-xlsm-exporter-v3.Data.csproj", "{292102FF-1A20-416E-9295-5B28A2F98F1B}"
EndProject
Project("{9A19103F-16F7-4668-BE54-9A1E7A4F7556}") = "invoice-xlsm-exporter-v3.Infrastructure", "invoice-xlsm-exporter-v3.Infrastructure\invoice-xlsm-exporter-v3.Infrastructure.csproj", "{7C91125A-3418-4B75-8937-A3FD5153E252}"
EndProject
Project("{FAE04EC0-301F-11D3-BF4B-00C04F79EFBC}") = "invoice-xlsm-exporter-v3", "invoice-xlsm-exporter-v3\invoice-xlsm-exporter-v3.csproj", "{6F7D98B8-5DB4-4702-BBAA-6D959D293BB3}"
EndProject
Global
	GlobalSection(SolutionConfigurationPlatforms) = preSolution
		Debug|Any CPU = Debug|Any CPU
		Release|Any CPU = Release|Any CPU
	EndGlobalSection
	GlobalSection(ProjectConfigurationPlatforms) = postSolution
		{F3D87AB6-37ED-4374-815B-378831B70F7F}.Debug|Any CPU.ActiveCfg = Debug|Any CPU
		{F3D87AB6-37ED-4374-815B-378831B70F7F}.Debug|Any CPU.Build.0 = Debug|Any CPU
		{F3D87AB6-37ED-4374-815B-378831B70F7F}.Release|Any CPU.ActiveCfg = Release|Any CPU
		{F3D87AB6-37ED-4374-815B-378831B70F7F}.Release|Any CPU.Build.0 = Release|Any CPU
		{2D175F0C-EED0-4B03-B395-B6C9C36AA430}.Debug|Any CPU.ActiveCfg = Debug|Any CPU
		{2D175F0C-EED0-4B03-B395-B6C9C36AA430}.Debug|Any CPU.Build.0 = Debug|Any CPU
		{2D175F0C-EED0-4B03-B395-B6C9C36AA430}.Release|Any CPU.ActiveCfg = Release|Any CPU
		{2D175F0C-EED0-4B03-B395-B6C9C36AA430}.Release|Any CPU.Build.0 = Release|Any CPU
		{292102FF-1A20-416E-9295-5B28A2F98F1B}.Debug|Any CPU.ActiveCfg = Debug|Any CPU
		{292102FF-1A20-416E-9295-5B28A2F98F1B}.Debug|Any CPU.Build.0 = Debug|Any CPU
		{292102FF-1A20-416E-9295-5B28A2F98F1B}.Release|Any CPU.ActiveCfg = Release|Any CPU
		{292102FF-1A20-416E-9295-5B28A2F98F1B}.Release|Any CPU.Build.0 = Release|Any CPU
		{7C91125A-3418-4B75-8937-A3FD5153E252}.Debug|Any CPU.ActiveCfg = Debug|Any CPU
		{7C91125A-3418-4B75-8937-A3FD5153E252}.Debug|Any CPU.Build.0 = Debug|Any CPU
		{7C91125A-3418-4B75-8937-A3FD5153E252}.Release|Any CPU.ActiveCfg = Release|Any CPU
		{7C91125A-3418-4B75-8937-A3FD5153E252}.Release|Any CPU.Build.0 = Release|Any CPU
		{6F7D98B8-5DB4-4702-BBAA-6D959D293BB3}.Debug|Any CPU.ActiveCfg = Debug|Any CPU
		{6F7D98B8-5DB4-4702-BBAA-6D959D293BB3}.Debug|Any CPU.Build.0 = Debug|Any CPU
		{6F7D98B8-5DB4-4702-BBAA-6D959D293BB3}.Release|Any CPU.ActiveCfg = Release|Any CPU
		{6F7D98B8-5DB4-4702-BBAA-6D959D293BB3}.Release|Any CPU.Build.0 = Release|Any CPU
	EndGlobalSection
	GlobalSection(SolutionProperties) = preSolution
		HideSolutionNode = FALSE
	EndGlobalSection
	GlobalSection(ExtensibilityGlobals) = postSolution
		SolutionGuid = {9DC1420F-2CB9-4127-B142-111E8B9EF568}
	EndGlobalSection
EndGlobal
